
Microsoft Visual Studio Solution File, Format Version 12.00
# Visual Studio Version 17
VisualStudioVersion = 17.6.33829.357
MinimumVisualStudioVersion = 10.0.40219.1
Project("{FAE04EC0-301F-11D3-BF4B-00C04F79EFBC}") = "React_ImageUpload_Core_API", "React_ImageUpload_Core_API.csproj", "{A92F1774-E6AA-4D65-9CB7-6212AFF066E0}"
EndProject
Global
	GlobalSection(SolutionConfigurationPlatforms) = preSolution
		Debug|Any CPU = Debug|Any CPU
		Release|Any CPU = Release|Any CPU
	EndGlobalSection
	GlobalSection(ProjectConfigurationPlatforms) = postSolution
		{A92F1774-E6AA-4D65-9CB7-6212AFF066E0}.Debug|Any CPU.ActiveCfg = Debug|Any CPU
		{A92F1774-E6AA-4D65-9CB7-6212AFF066E0}.Debug|Any CPU.Build.0 = Debug|Any CPU
		{A92F1774-E6AA-4D65-9CB7-6212AFF066E0}.Release|Any CPU.ActiveCfg = Release|Any CPU
		{A92F1774-E6AA-4D65-9CB7-6212AFF066E0}.Release|Any CPU.Build.0 = Release|Any CPU
	EndGlobalSection
	GlobalSection(SolutionProperties) = preSolution
		HideSolutionNode = FALSE
	EndGlobalSection
	GlobalSection(ExtensibilityGlobals) = postSolution
		SolutionGuid = {BE1E76B6-3067-4BFA-9D96-F2DE1AF07F04}
	EndGlobalSection
EndGlobal
